// !$*UTF8*$!
{
	archiveVersion = 1;
	classes = {
	};
	objectVersion = 52;
	objects = {

/* Begin PBXBuildFile section */
		3408CE0223B5E7BE00846021 /* AppDelegate.swift in Sources */ = {isa = PBXBuildFile; fileRef = 3408CE0123B5E7BE00846021 /* AppDelegate.swift */; };
		3408CE0423B5E7BE00846021 /* SceneDelegate.swift in Sources */ = {isa = PBXBuildFile; fileRef = 3408CE0323B5E7BE00846021 /* SceneDelegate.swift */; };
		3408CE0623B5E7BE00846021 /* ContentView.swift in Sources */ = {isa = PBXBuildFile; fileRef = 3408CE0523B5E7BE00846021 /* ContentView.swift */; };
		3408CE0823B5E7BE00846021 /* Assets.xcassets in Resources */ = {isa = PBXBuildFile; fileRef = 3408CE0723B5E7BE00846021 /* Assets.xcassets */; };
		3408CE0B23B5E7BE00846021 /* Preview Assets.xcassets in Resources */ = {isa = PBXBuildFile; fileRef = 3408CE0A23B5E7BE00846021 /* Preview Assets.xcassets */; };
		3408CE0E23B5E7BE00846021 /* LaunchScreen.storyboard in Resources */ = {isa = PBXBuildFile; fileRef = 3408CE0C23B5E7BE00846021 /* LaunchScreen.storyboard */; };
		3408CE1923B5EA4C00846021 /* NewsAPIResponse.swift in Sources */ = {isa = PBXBuildFile; fileRef = 3408CE1823B5EA4C00846021 /* NewsAPIResponse.swift */; };
		3408CE1B23B5EA8900846021 /* WebService.swift in Sources */ = {isa = PBXBuildFile; fileRef = 3408CE1A23B5EA8900846021 /* WebService.swift */; };
		3408CE2023B5ED1900846021 /* ArticleViewModel.swift in Sources */ = {isa = PBXBuildFile; fileRef = 3408CE1F23B5ED1900846021 /* ArticleViewModel.swift */; };
		3408CE2423B5F1CE00846021 /* ArticleListViewModel.swift in Sources */ = {isa = PBXBuildFile; fileRef = 3408CE2323B5F1CE00846021 /* ArticleListViewModel.swift */; };
		340D3D9B23C2D9950081EEBC /* GlobalConstants.swift in Sources */ = {isa = PBXBuildFile; fileRef = 340D3D9A23C2D9950081EEBC /* GlobalConstants.swift */; };
		340D3D9F23C30B470081EEBC /* ImageView.swift in Sources */ = {isa = PBXBuildFile; fileRef = 340D3D9E23C30B470081EEBC /* ImageView.swift */; };
		340D3DA123C316EB0081EEBC /* SafariView.swift in Sources */ = {isa = PBXBuildFile; fileRef = 340D3DA023C316EB0081EEBC /* SafariView.swift */; };
		349778D823D478A3001B7DD1 /* KingfisherSwiftUI in Frameworks */ = {isa = PBXBuildFile; productRef = 349778D723D478A3001B7DD1 /* KingfisherSwiftUI */; };
/* End PBXBuildFile section */

/* Begin PBXFileReference section */
		3408CDFE23B5E7BE00846021 /* NewsToday.app */ = {isa = PBXFileReference; explicitFileType = wrapper.application; includeInIndex = 0; path = NewsToday.app; sourceTree = BUILT_PRODUCTS_DIR; };
		3408CE0123B5E7BE00846021 /* AppDelegate.swift */ = {isa = PBXFileReference; lastKnownFileType = sourcecode.swift; path = AppDelegate.swift; sourceTree = "<group>"; };
		3408CE0323B5E7BE00846021 /* SceneDelegate.swift */ = {isa = PBXFileReference; lastKnownFileType = sourcecode.swift; path = SceneDelegate.swift; sourceTree = "<group>"; };
		3408CE0523B5E7BE00846021 /* ContentView.swift */ = {isa = PBXFileReference; lastKnownFileType = sourcecode.swift; path = ContentView.swift; sourceTree = "<group>"; };
		3408CE0723B5E7BE00846021 /* Assets.xcassets */ = {isa = PBXFileReference; lastKnownFileType = folder.assetcatalog; path = Assets.xcassets; sourceTree = "<group>"; };
		3408CE0A23B5E7BE00846021 /* Preview Assets.xcassets */ = {isa = PBXFileReference; lastKnownFileType = folder.assetcatalog; path = "Preview Assets.xcassets"; sourceTree = "<group>"; };
		3408CE0D23B5E7BE00846021 /* Base */ = {isa = PBXFileReference; lastKnownFileType = file.storyboard; name = Base; path = Base.lproj/LaunchScreen.storyboard; sourceTree = "<group>"; };
		3408CE0F23B5E7BE00846021 /* Info.plist */ = {isa = PBXFileReference; lastKnownFileType = text.plist.xml; path = Info.plist; sourceTree = "<group>"; };
		3408CE1823B5EA4C00846021 /* NewsAPIResponse.swift */ = {isa = PBXFileReference; lastKnownFileType = sourcecode.swift; path = NewsAPIResponse.swift; sourceTree = "<group>"; };
		3408CE1A23B5EA8900846021 /* WebService.swift */ = {isa = PBXFileReference; lastKnownFileType = sourcecode.swift; path = WebService.swift; sourceTree = "<group>"; };
		3408CE1F23B5ED1900846021 /* ArticleViewModel.swift */ = {isa = PBXFileReference; lastKnownFileType = sourcecode.swift; path = ArticleViewModel.swift; sourceTree = "<group>"; };
		3408CE2323B5F1CE00846021 /* ArticleListViewModel.swift */ = {isa = PBXFileReference; lastKnownFileType = sourcecode.swift; path = ArticleListViewModel.swift; sourceTree = "<group>"; };
		340D3D9A23C2D9950081EEBC /* GlobalConstants.swift */ = {isa = PBXFileReference; lastKnownFileType = sourcecode.swift; path = GlobalConstants.swift; sourceTree = "<group>"; };
		340D3D9E23C30B470081EEBC /* ImageView.swift */ = {isa = PBXFileReference; lastKnownFileType = sourcecode.swift; path = ImageView.swift; sourceTree = "<group>"; };
		340D3DA023C316EB0081EEBC /* SafariView.swift */ = {isa = PBXFileReference; lastKnownFileType = sourcecode.swift; path = SafariView.swift; sourceTree = "<group>"; };
/* End PBXFileReference section */

/* Begin PBXFrameworksBuildPhase section */
		3408CDFB23B5E7BE00846021 /* Frameworks */ = {
			isa = PBXFrameworksBuildPhase;
			buildActionMask = 2147483647;
			files = (
				349778D823D478A3001B7DD1 /* KingfisherSwiftUI in Frameworks */,
			);
			runOnlyForDeploymentPostprocessing = 0;
		};
/* End PBXFrameworksBuildPhase section */

/* Begin PBXGroup section */
		3408CDF523B5E7BE00846021 = {
			isa = PBXGroup;
			children = (
				3408CE0023B5E7BE00846021 /* NewsToday */,
				3408CDFF23B5E7BE00846021 /* Products */,
			);
			sourceTree = "<group>";
		};
		3408CDFF23B5E7BE00846021 /* Products */ = {
			isa = PBXGroup;
			children = (
				3408CDFE23B5E7BE00846021 /* NewsToday.app */,
			);
			name = Products;
			sourceTree = "<group>";
		};
		3408CE0023B5E7BE00846021 /* NewsToday */ = {
			isa = PBXGroup;
			children = (
				340D3D9923C2D9820081EEBC /* Helpers */,
				3416F86823B5FF7B00845B6C /* WebService */,
				3416F86723B5FF5F00845B6C /* Views */,
				3408CE1C23B5ECFC00846021 /* ViewModels */,
				3408CE1723B5EA3900846021 /* Models */,
				3408CE0123B5E7BE00846021 /* AppDelegate.swift */,
				3408CE0323B5E7BE00846021 /* SceneDelegate.swift */,
				3408CE0723B5E7BE00846021 /* Assets.xcassets */,
				3408CE0C23B5E7BE00846021 /* LaunchScreen.storyboard */,
				3408CE0F23B5E7BE00846021 /* Info.plist */,
				3408CE0923B5E7BE00846021 /* Preview Content */,
			);
			path = NewsToday;
			sourceTree = "<group>";
		};
		3408CE0923B5E7BE00846021 /* Preview Content */ = {
			isa = PBXGroup;
			children = (
				3408CE0A23B5E7BE00846021 /* Preview Assets.xcassets */,
			);
			path = "Preview Content";
			sourceTree = "<group>";
		};
		3408CE1723B5EA3900846021 /* Models */ = {
			isa = PBXGroup;
			children = (
				3408CE1823B5EA4C00846021 /* NewsAPIResponse.swift */,
			);
			path = Models;
			sourceTree = "<group>";
		};
		3408CE1C23B5ECFC00846021 /* ViewModels */ = {
			isa = PBXGroup;
			children = (
				3408CE1F23B5ED1900846021 /* ArticleViewModel.swift */,
				3408CE2323B5F1CE00846021 /* ArticleListViewModel.swift */,
			);
			path = ViewModels;
			sourceTree = "<group>";
		};
		340D3D9923C2D9820081EEBC /* Helpers */ = {
			isa = PBXGroup;
			children = (
				340D3D9A23C2D9950081EEBC /* GlobalConstants.swift */,
			);
			path = Helpers;
			sourceTree = "<group>";
		};
		3416F86723B5FF5F00845B6C /* Views */ = {
			isa = PBXGroup;
			children = (
				3408CE0523B5E7BE00846021 /* ContentView.swift */,
				340D3D9E23C30B470081EEBC /* ImageView.swift */,
				340D3DA023C316EB0081EEBC /* SafariView.swift */,
			);
			path = Views;
			sourceTree = "<group>";
		};
		3416F86823B5FF7B00845B6C /* WebService */ = {
			isa = PBXGroup;
			children = (
				3408CE1A23B5EA8900846021 /* WebService.swift */,
			);
			path = WebService;
			sourceTree = "<group>";
		};
/* End PBXGroup section */

/* Begin PBXNativeTarget section */
		3408CDFD23B5E7BE00846021 /* NewsToday */ = {
			isa = PBXNativeTarget;
			buildConfigurationList = 3408CE1223B5E7BE00846021 /* Build configuration list for PBXNativeTarget "NewsToday" */;
			buildPhases = (
				3408CDFA23B5E7BE00846021 /* Sources */,
				3408CDFB23B5E7BE00846021 /* Frameworks */,
				3408CDFC23B5E7BE00846021 /* Resources */,
			);
			buildRules = (
			);
			dependencies = (
			);
			name = NewsToday;
			packageProductDependencies = (
				349778D723D478A3001B7DD1 /* KingfisherSwiftUI */,
			);
			productName = NewsToday;
			productReference = 3408CDFE23B5E7BE00846021 /* NewsToday.app */;
			productType = "com.apple.product-type.application";
		};
/* End PBXNativeTarget section */

/* Begin PBXProject section */
		3408CDF623B5E7BE00846021 /* Project object */ = {
			isa = PBXProject;
			attributes = {
				LastSwiftUpdateCheck = 1130;
				LastUpgradeCheck = 1130;
				ORGANIZATIONNAME = NT;
				TargetAttributes = {
					3408CDFD23B5E7BE00846021 = {
						CreatedOnToolsVersion = 11.3;
					};
				};
			};
			buildConfigurationList = 3408CDF923B5E7BE00846021 /* Build configuration list for PBXProject "NewsToday" */;
			compatibilityVersion = "Xcode 9.3";
			developmentRegion = en;
			hasScannedForEncodings = 0;
			knownRegions = (
				en,
				Base,
			);
			mainGroup = 3408CDF523B5E7BE00846021;
			packageReferences = (
				349778D623D478A3001B7DD1 /* XCRemoteSwiftPackageReference "Kingfisher" */,
			);
			productRefGroup = 3408CDFF23B5E7BE00846021 /* Products */;
			projectDirPath = "";
			projectRoot = "";
			targets = (
				3408CDFD23B5E7BE00846021 /* NewsToday */,
			);
		};
/* End PBXProject section */

/* Begin PBXResourcesBuildPhase section */
		3408CDFC23B5E7BE00846021 /* Resources */ = {
			isa = PBXResourcesBuildPhase;
			buildActionMask = 2147483647;
			files = (
				3408CE0E23B5E7BE00846021 /* LaunchScreen.storyboard in Resources */,
				3408CE0B23B5E7BE00846021 /* Preview Assets.xcassets in Resources */,
				3408CE0823B5E7BE00846021 /* Assets.xcassets in Resources */,
			);
			runOnlyForDeploymentPostprocessing = 0;
		};
/* End PBXResourcesBuildPhase section */

/* Begin PBXSourcesBuildPhase section */
		3408CDFA23B5E7BE00846021 /* Sources */ = {
			isa = PBXSourcesBuildPhase;
			buildActionMask = 2147483647;
			files = (
				340D3D9F23C30B470081EEBC /* ImageView.swift in Sources */,
				340D3DA123C316EB0081EEBC /* SafariView.swift in Sources */,
				3408CE0223B5E7BE00846021 /* AppDelegate.swift in Sources */,
				3408CE0423B5E7BE00846021 /* SceneDelegate.swift in Sources */,
				3408CE1923B5EA4C00846021 /* NewsAPIResponse.swift in Sources */,
				3408CE2023B5ED1900846021 /* ArticleViewModel.swift in Sources */,
				3408CE1B23B5EA8900846021 /* WebService.swift in Sources */,
				3408CE0623B5E7BE00846021 /* ContentView.swift in Sources */,
				340D3D9B23C2D9950081EEBC /* GlobalConstants.swift in Sources */,
				3408CE2423B5F1CE00846021 /* ArticleListViewModel.swift in Sources */,
			);
			runOnlyForDeploymentPostprocessing = 0;
		};
/* End PBXSourcesBuildPhase section */

/* Begin PBXVariantGroup section */
		3408CE0C23B5E7BE00846021 /* LaunchScreen.storyboard */ = {
			isa = PBXVariantGroup;
			children = (
				3408CE0D23B5E7BE00846021 /* Base */,
			);
			name = LaunchScreen.storyboard;
			sourceTree = "<group>";
		};
/* End PBXVariantGroup section */

/* Begin XCBuildConfiguration section */
		3408CE1023B5E7BE00846021 /* Debug */ = {
			isa = XCBuildConfiguration;
			buildSettings = {
				ALWAYS_SEARCH_USER_PATHS = NO;
				CLANG_ANALYZER_NONNULL = YES;
				CLANG_ANALYZER_NUMBER_OBJECT_CONVERSION = YES_AGGRESSIVE;
				CLANG_CXX_LANGUAGE_STANDARD = "gnu++14";
				CLANG_CXX_LIBRARY = "libc++";
				CLANG_ENABLE_MODULES = YES;
				CLANG_ENABLE_OBJC_ARC = YES;
				CLANG_ENABLE_OBJC_WEAK = YES;
				CLANG_WARN_BLOCK_CAPTURE_AUTORELEASING = YES;
				CLANG_WARN_BOOL_CONVERSION = YES;
				CLANG_WARN_COMMA = YES;
				CLANG_WARN_CONSTANT_CONVERSION = YES;
				CLANG_WARN_DEPRECATED_OBJC_IMPLEMENTATIONS = YES;
				CLANG_WARN_DIRECT_OBJC_ISA_USAGE = YES_ERROR;
				CLANG_WARN_DOCUMENTATION_COMMENTS = YES;
				CLANG_WARN_EMPTY_BODY = YES;
				CLANG_WARN_ENUM_CONVERSION = YES;
				CLANG_WARN_INFINITE_RECURSION = YES;
				CLANG_WARN_INT_CONVERSION = YES;
				CLANG_WARN_NON_LITERAL_NULL_CONVERSION = YES;
				CLANG_WARN_OBJC_IMPLICIT_RETAIN_SELF = YES;
				CLANG_WARN_OBJC_LITERAL_CONVERSION = YES;
				CLANG_WARN_OBJC_ROOT_CLASS = YES_ERROR;
				CLANG_WARN_RANGE_LOOP_ANALYSIS = YES;
				CLANG_WARN_STRICT_PROTOTYPES = YES;
				CLANG_WARN_SUSPICIOUS_MOVE = YES;
				CLANG_WARN_UNGUARDED_AVAILABILITY = YES_AGGRESSIVE;
				CLANG_WARN_UNREACHABLE_CODE = YES;
				CLANG_WARN__DUPLICATE_METHOD_MATCH = YES;
				COPY_PHASE_STRIP = NO;
				DEBUG_INFORMATION_FORMAT = dwarf;
				ENABLE_STRICT_OBJC_MSGSEND = YES;
				ENABLE_TESTABILITY = YES;
				GCC_C_LANGUAGE_STANDARD = gnu11;
				GCC_DYNAMIC_NO_PIC = NO;
				GCC_NO_COMMON_BLOCKS = YES;
				GCC_OPTIMIZATION_LEVEL = 0;
				GCC_PREPROCESSOR_DEFINITIONS = (
					"DEBUG=1",
					"$(inherited)",
				);
				GCC_WARN_64_TO_32_BIT_CONVERSION = YES;
				GCC_WARN_ABOUT_RETURN_TYPE = YES_ERROR;
				GCC_WARN_UNDECLARED_SELECTOR = YES;
				GCC_WARN_UNINITIALIZED_AUTOS = YES_AGGRESSIVE;
				GCC_WARN_UNUSED_FUNCTION = YES;
				GCC_WARN_UNUSED_VARIABLE = YES;
				IPHONEOS_DEPLOYMENT_TARGET = 13.2;
				MTL_ENABLE_DEBUG_INFO = INCLUDE_SOURCE;
				MTL_FAST_MATH = YES;
				ONLY_ACTIVE_ARCH = YES;
				SDKROOT = iphoneos;
				SWIFT_ACTIVE_COMPILATION_CONDITIONS = DEBUG;
				SWIFT_OPTIMIZATION_LEVEL = "-Onone";
			};
			name = Debug;
		};
		3408CE1123B5E7BE00846021 /* Release */ = {
			isa = XCBuildConfiguration;
			buildSettings = {
				ALWAYS_SEARCH_USER_PATHS = NO;
				CLANG_ANALYZER_NONNULL = YES;
				CLANG_ANALYZER_NUMBER_OBJECT_CONVERSION = YES_AGGRESSIVE;
				CLANG_CXX_LANGUAGE_STANDARD = "gnu++14";
				CLANG_CXX_LIBRARY = "libc++";
				CLANG_ENABLE_MODULES = YES;
				CLANG_ENABLE_OBJC_ARC = YES;
				CLANG_ENABLE_OBJC_WEAK = YES;
				CLANG_WARN_BLOCK_CAPTURE_AUTORELEASING = YES;
				CLANG_WARN_BOOL_CONVERSION = YES;
				CLANG_WARN_COMMA = YES;
				CLANG_WARN_CONSTANT_CONVERSION = YES;
				CLANG_WARN_DEPRECATED_OBJC_IMPLEMENTATIONS = YES;
				CLANG_WARN_DIRECT_OBJC_ISA_USAGE = YES_ERROR;
				CLANG_WARN_DOCUMENTATION_COMMENTS = YES;
				CLANG_WARN_EMPTY_BODY = YES;
				CLANG_WARN_ENUM_CONVERSION = YES;
				CLANG_WARN_INFINITE_RECURSION = YES;
				CLANG_WARN_INT_CONVERSION = YES;
				CLANG_WARN_NON_LITERAL_NULL_CONVERSION = YES;
				CLANG_WARN_OBJC_IMPLICIT_RETAIN_SELF = YES;
				CLANG_WARN_OBJC_LITERAL_CONVERSION = YES;
				CLANG_WARN_OBJC_ROOT_CLASS = YES_ERROR;
				CLANG_WARN_RANGE_LOOP_ANALYSIS = YES;
				CLANG_WARN_STRICT_PROTOTYPES = YES;
				CLANG_WARN_SUSPICIOUS_MOVE = YES;
				CLANG_WARN_UNGUARDED_AVAILABILITY = YES_AGGRESSIVE;
				CLANG_WARN_UNREACHABLE_CODE = YES;
				CLANG_WARN__DUPLICATE_METHOD_MATCH = YES;
				COPY_PHASE_STRIP = NO;
				DEBUG_INFORMATION_FORMAT = "dwarf-with-dsym";
				ENABLE_NS_ASSERTIONS = NO;
				ENABLE_STRICT_OBJC_MSGSEND = YES;
				GCC_C_LANGUAGE_STANDARD = gnu11;
				GCC_NO_COMMON_BLOCKS = YES;
				GCC_WARN_64_TO_32_BIT_CONVERSION = YES;
				GCC_WARN_ABOUT_RETURN_TYPE = YES_ERROR;
				GCC_WARN_UNDECLARED_SELECTOR = YES;
				GCC_WARN_UNINITIALIZED_AUTOS = YES_AGGRESSIVE;
				GCC_WARN_UNUSED_FUNCTION = YES;
				GCC_WARN_UNUSED_VARIABLE = YES;
				IPHONEOS_DEPLOYMENT_TARGET = 13.2;
				MTL_ENABLE_DEBUG_INFO = NO;
				MTL_FAST_MATH = YES;
				SDKROOT = iphoneos;
				SWIFT_COMPILATION_MODE = wholemodule;
				SWIFT_OPTIMIZATION_LEVEL = "-O";
				VALIDATE_PRODUCT = YES;
			};
			name = Release;
		};
		3408CE1323B5E7BE00846021 /* Debug */ = {
			isa = XCBuildConfiguration;
			buildSettings = {
				ASSETCATALOG_COMPILER_APPICON_NAME = AppIcon;
				CODE_SIGN_STYLE = Automatic;
				DEVELOPMENT_ASSET_PATHS = "\"NewsToday/Preview Content\"";
				DEVELOPMENT_TEAM = N38EC3HSGY;
				ENABLE_PREVIEWS = YES;
				INFOPLIST_FILE = NewsToday/Info.plist;
				LD_RUNPATH_SEARCH_PATHS = (
					"$(inherited)",
					"@executable_path/Frameworks",
				);
				PRODUCT_BUNDLE_IDENTIFIER = com.nirajtiwari.NewsToday;
				PRODUCT_NAME = "$(TARGET_NAME)";
				SWIFT_VERSION = 5.0;
				TARGETED_DEVICE_FAMILY = "1,2";
			};
			name = Debug;
		};
		3408CE1423B5E7BE00846021 /* Release */ = {
			isa = XCBuildConfiguration;
			buildSettings = {
				ASSETCATALOG_COMPILER_APPICON_NAME = AppIcon;
				CODE_SIGN_STYLE = Automatic;
				DEVELOPMENT_ASSET_PATHS = "\"NewsToday/Preview Content\"";
				DEVELOPMENT_TEAM = N38EC3HSGY;
				ENABLE_PREVIEWS = YES;
				INFOPLIST_FILE = NewsToday/Info.plist;
				LD_RUNPATH_SEARCH_PATHS = (
					"$(inherited)",
					"@executable_path/Frameworks",
				);
				PRODUCT_BUNDLE_IDENTIFIER = com.nirajtiwari.NewsToday;
				PRODUCT_NAME = "$(TARGET_NAME)";
				SWIFT_VERSION = 5.0;
				TARGETED_DEVICE_FAMILY = "1,2";
			};
			name = Release;
		};
/* End XCBuildConfiguration section */

/* Begin XCConfigurationList section */
		3408CDF923B5E7BE00846021 /* Build configuration list for PBXProject "NewsToday" */ = {
			isa = XCConfigurationList;
			buildConfigurations = (
				3408CE1023B5E7BE00846021 /* Debug */,
				3408CE1123B5E7BE00846021 /* Release */,
			);
			defaultConfigurationIsVisible = 0;
			defaultConfigurationName = Release;
		};
		3408CE1223B5E7BE00846021 /* Build configuration list for PBXNativeTarget "NewsToday" */ = {
			isa = XCConfigurationList;
			buildConfigurations = (
				3408CE1323B5E7BE00846021 /* Debug */,
				3408CE1423B5E7BE00846021 /* Release */,
			);
			defaultConfigurationIsVisible = 0;
			defaultConfigurationName = Release;
		};
/* End XCConfigurationList section */

/* Begin XCRemoteSwiftPackageReference section */
		349778D623D478A3001B7DD1 /* XCRemoteSwiftPackageReference "Kingfisher" */ = {
			isa = XCRemoteSwiftPackageReference;
			repositoryURL = "https://github.com/onevcat/Kingfisher.git";
			requirement = {
				kind = upToNextMajorVersion;
				minimumVersion = 5.13.0;
			};
		};
/* End XCRemoteSwiftPackageReference section */

/* Begin XCSwiftPackageProductDependency section */
		349778D723D478A3001B7DD1 /* KingfisherSwiftUI */ = {
			isa = XCSwiftPackageProductDependency;
			package = 349778D623D478A3001B7DD1 /* XCRemoteSwiftPackageReference "Kingfisher" */;
			productName = KingfisherSwiftUI;
		};
/* End XCSwiftPackageProductDependency section */
	};
	rootObject = 3408CDF623B5E7BE00846021 /* Project object */;
}
